
Microsoft Visual Studio Solution File, Format Version 12.00
# Visual Studio Version 17
VisualStudioVersion = 17.2.32519.379
MinimumVisualStudioVersion = 10.0.40219.1
Project("{9A19103F-16F7-4668-BE54-9A1E7A4F7556}") = "Template", "Template\Template.csproj", "{9751F633-9C5B-45FE-A440-F5B1DAD82056}"
EndProject
Global
	GlobalSection(SolutionConfigurationPlatforms) = preSolution
		Debug|Any CPU = Debug|Any CPU
		Release|Any CPU = Release|Any CPU
	EndGlobalSection
	GlobalSection(ProjectConfigurationPlatforms) = postSolution
		{9751F633-9C5B-45FE-A440-F5B1DAD82056}.Debug|Any CPU.ActiveCfg = Debug|Any CPU
		{9751F633-9C5B-45FE-A440-F5B1DAD82056}.Debug|Any CPU.Build.0 = Debug|Any CPU
		{9751F633-9C5B-45FE-A440-F5B1DAD82056}.Release|Any CPU.ActiveCfg = Release|Any CPU
		{9751F633-9C5B-45FE-A440-F5B1DAD82056}.Release|Any CPU.Build.0 = Release|Any CPU
	EndGlobalSection
	GlobalSection(SolutionProperties) = preSolution
		HideSolutionNode = FALSE
	EndGlobalSection
	GlobalSection(ExtensibilityGlobals) = postSolution
		SolutionGuid = {269E52B0-2360-48BA-8954-B17B09E5D6EE}
	EndGlobalSection
EndGlobal
